
Microsoft Visual Studio Solution File, Format Version 12.00
# Visual Studio 15
VisualStudioVersion = 15.0.28010.2046
MinimumVisualStudioVersion = 10.0.40219.1
Project("{FAE04EC0-301F-11D3-BF4B-00C04F79EFBC}") = "WebApplication2", "WebApplication2\WebApplication2.csproj", "{9188D927-C149-4795-BBA7-00D145D91FAD}"
EndProject
Global
	GlobalSection(SolutionConfigurationPlatforms) = preSolution
		Debug|Any CPU = Debug|Any CPU
		Release|Any CPU = Release|Any CPU
	EndGlobalSection
	GlobalSection(ProjectConfigurationPlatforms) = postSolution
		{9188D927-C149-4795-BBA7-00D145D91FAD}.Debug|Any CPU.ActiveCfg = Debug|Any CPU
		{9188D927-C149-4795-BBA7-00D145D91FAD}.Debug|Any CPU.Build.0 = Debug|Any CPU
		{9188D927-C149-4795-BBA7-00D145D91FAD}.Release|Any CPU.ActiveCfg = Release|Any CPU
		{9188D927-C149-4795-BBA7-00D145D91FAD}.Release|Any CPU.Build.0 = Release|Any CPU
	EndGlobalSection
	GlobalSection(SolutionProperties) = preSolution
		HideSolutionNode = FALSE
	EndGlobalSection
	GlobalSection(ExtensibilityGlobals) = postSolution
		SolutionGuid = {BB2F0511-C64E-4E92-AB4E-13208755FAFA}
	EndGlobalSection
EndGlobal
